
Microsoft Visual Studio Solution File, Format Version 12.00
# Visual Studio 15
VisualStudioVersion = 15.0.27703.2035
MinimumVisualStudioVersion = 10.0.40219.1
Project("{FAE04EC0-301F-11D3-BF4B-00C04F79EFBC}") = "Practica No. 1-5 UML", "Practica No. 1-5 UML\Practica No. 1-5 UML.csproj", "{24560215-8E95-4B79-9A79-4B3FF9A0AB21}"
EndProject
Global
	GlobalSection(SolutionConfigurationPlatforms) = preSolution
		Debug|Any CPU = Debug|Any CPU
		Release|Any CPU = Release|Any CPU
	EndGlobalSection
	GlobalSection(ProjectConfigurationPlatforms) = postSolution
		{24560215-8E95-4B79-9A79-4B3FF9A0AB21}.Debug|Any CPU.ActiveCfg = Debug|Any CPU
		{24560215-8E95-4B79-9A79-4B3FF9A0AB21}.Debug|Any CPU.Build.0 = Debug|Any CPU
		{24560215-8E95-4B79-9A79-4B3FF9A0AB21}.Release|Any CPU.ActiveCfg = Release|Any CPU
		{24560215-8E95-4B79-9A79-4B3FF9A0AB21}.Release|Any CPU.Build.0 = Release|Any CPU
	EndGlobalSection
	GlobalSection(SolutionProperties) = preSolution
		HideSolutionNode = FALSE
	EndGlobalSection
	GlobalSection(ExtensibilityGlobals) = postSolution
		SolutionGuid = {2EC95A18-97AB-4154-9A01-287AD9C1AF60}
	EndGlobalSection
EndGlobal
